
Microsoft Visual Studio Solution File, Format Version 12.00
# Visual Studio 15
VisualStudioVersion = 15.0.26228.4
MinimumVisualStudioVersion = 10.0.40219.1
Project("{8BC9CEB8-8B4A-11D0-8D11-00A0C91BC942}") = "ex01 - hello world", "ex01 - hello world\ex01 - hello world.vcxproj", "{222C6AC2-E418-4F09-B368-9A1CD84FC0D9}"
EndProject
Project("{8BC9CEB8-8B4A-11D0-8D11-00A0C91BC942}") = "ex02 - variables", "ex02 - variables\ex02 - variables.vcxproj", "{E7A7AB6F-B417-4E1E-8C5F-644B9632E25C}"
EndProject
Project("{8BC9CEB8-8B4A-11D0-8D11-00A0C91BC942}") = "ex03 - if control structure", "ex03 - if control structure\ex03 - if control structure.vcxproj", "{EEAE2E84-1730-4CFC-9316-2DB523428984}"
EndProject
Project("{8BC9CEB8-8B4A-11D0-8D11-00A0C91BC942}") = "ex04 - switch control structure", "ex04 - switch control structure\ex04 - switch control structure.vcxproj", "{EC15B38D-0DCD-4B52-A382-3AA9A5DEA152}"
EndProject
Project("{8BC9CEB8-8B4A-11D0-8D11-00A0C91BC942}") = "ex05 - while control structure", "ex05 - while control structure\ex05 - while control structure.vcxproj", "{02857CFB-CEEC-4B4B-A71E-1179ED7C5FE7}"
EndProject
Project("{8BC9CEB8-8B4A-11D0-8D11-00A0C91BC942}") = "ex06 - for loop control structure", "ex06 - for loop control structure\ex06 - for loop control structure.vcxproj", "{F2004166-DA57-448C-95C2-283DB4D465BB}"
EndProject
Project("{8BC9CEB8-8B4A-11D0-8D11-00A0C91BC942}") = "ex07 - functions", "ex07 - functions\ex07 - functions.vcxproj", "{98B4D008-4421-4037-904D-CCDDD7F8E7F7}"
EndProject
Project("{8BC9CEB8-8B4A-11D0-8D11-00A0C91BC942}") = "ex08 - raw pointers", "ex08 - raw pointers\ex08 - raw pointers.vcxproj", "{601247D2-16B9-432B-B077-B2CEC3EB9B36}"
EndProject
Project("{8BC9CEB8-8B4A-11D0-8D11-00A0C91BC942}") = "ex09 - arrays", "ex09 - arrays\ex09 - arrays.vcxproj", "{E6EE7022-6F8F-4263-B4FB-5E5BF0213718}"
EndProject
Project("{8BC9CEB8-8B4A-11D0-8D11-00A0C91BC942}") = "ex10 - structs", "ex10 - structs\ex10 - structs.vcxproj", "{251D7F0D-25C3-4904-A303-79667844735C}"
EndProject
Project("{8BC9CEB8-8B4A-11D0-8D11-00A0C91BC942}") = "ex11 - unions", "ex11 - unions\ex11 - unions.vcxproj", "{770FEA83-B600-4C45-BA71-C1023B0E43CE}"
EndProject
Project("{8BC9CEB8-8B4A-11D0-8D11-00A0C91BC942}") = "ex12 - enums", "ex12 - enums\ex12 - enums.vcxproj", "{9D1583BF-3B61-4DD2-A363-64F042680F9D}"
EndProject
Global
	GlobalSection(SolutionConfigurationPlatforms) = preSolution
		Debug|x64 = Debug|x64
		Debug|x86 = Debug|x86
		Release|x64 = Release|x64
		Release|x86 = Release|x86
	EndGlobalSection
	GlobalSection(ProjectConfigurationPlatforms) = postSolution
		{222C6AC2-E418-4F09-B368-9A1CD84FC0D9}.Debug|x64.ActiveCfg = Debug|x64
		{222C6AC2-E418-4F09-B368-9A1CD84FC0D9}.Debug|x64.Build.0 = Debug|x64
		{222C6AC2-E418-4F09-B368-9A1CD84FC0D9}.Debug|x86.ActiveCfg = Debug|Win32
		{222C6AC2-E418-4F09-B368-9A1CD84FC0D9}.Debug|x86.Build.0 = Debug|Win32
		{222C6AC2-E418-4F09-B368-9A1CD84FC0D9}.Release|x64.ActiveCfg = Release|x64
		{222C6AC2-E418-4F09-B368-9A1CD84FC0D9}.Release|x64.Build.0 = Release|x64
		{222C6AC2-E418-4F09-B368-9A1CD84FC0D9}.Release|x86.ActiveCfg = Release|Win32
		{222C6AC2-E418-4F09-B368-9A1CD84FC0D9}.Release|x86.Build.0 = Release|Win32
		{E7A7AB6F-B417-4E1E-8C5F-644B9632E25C}.Debug|x64.ActiveCfg = Debug|x64
		{E7A7AB6F-B417-4E1E-8C5F-644B9632E25C}.Debug|x64.Build.0 = Debug|x64
		{E7A7AB6F-B417-4E1E-8C5F-644B9632E25C}.Debug|x86.ActiveCfg = Debug|Win32
		{E7A7AB6F-B417-4E1E-8C5F-644B9632E25C}.Debug|x86.Build.0 = Debug|Win32
		{E7A7AB6F-B417-4E1E-8C5F-644B9632E25C}.Release|x64.ActiveCfg = Release|x64
		{E7A7AB6F-B417-4E1E-8C5F-644B9632E25C}.Release|x64.Build.0 = Release|x64
		{E7A7AB6F-B417-4E1E-8C5F-644B9632E25C}.Release|x86.ActiveCfg = Release|Win32
		{E7A7AB6F-B417-4E1E-8C5F-644B9632E25C}.Release|x86.Build.0 = Release|Win32
		{EEAE2E84-1730-4CFC-9316-2DB523428984}.Debug|x64.ActiveCfg = Debug|x64
		{EEAE2E84-1730-4CFC-9316-2DB523428984}.Debug|x64.Build.0 = Debug|x64
		{EEAE2E84-1730-4CFC-9316-2DB523428984}.Debug|x86.ActiveCfg = Debug|Win32
		{EEAE2E84-1730-4CFC-9316-2DB523428984}.Debug|x86.Build.0 = Debug|Win32
		{EEAE2E84-1730-4CFC-9316-2DB523428984}.Release|x64.ActiveCfg = Release|x64
		{EEAE2E84-1730-4CFC-9316-2DB523428984}.Release|x64.Build.0 = Release|x64
		{EEAE2E84-1730-4CFC-9316-2DB523428984}.Release|x86.ActiveCfg = Release|Win32
		{EEAE2E84-1730-4CFC-9316-2DB523428984}.Release|x86.Build.0 = Release|Win32
		{EC15B38D-0DCD-4B52-A382-3AA9A5DEA152}.Debug|x64.ActiveCfg = Debug|x64
		{EC15B38D-0DCD-4B52-A382-3AA9A5DEA152}.Debug|x64.Build.0 = Debug|x64
		{EC15B38D-0DCD-4B52-A382-3AA9A5DEA152}.Debug|x86.ActiveCfg = Debug|Win32
		{EC15B38D-0DCD-4B52-A382-3AA9A5DEA152}.Debug|x86.Build.0 = Debug|Win32
		{EC15B38D-0DCD-4B52-A382-3AA9A5DEA152}.Release|x64.ActiveCfg = Release|x64
		{EC15B38D-0DCD-4B52-A382-3AA9A5DEA152}.Release|x64.Build.0 = Release|x64
		{EC15B38D-0DCD-4B52-A382-3AA9A5DEA152}.Release|x86.ActiveCfg = Release|Win32
		{EC15B38D-0DCD-4B52-A382-3AA9A5DEA152}.Release|x86.Build.0 = Release|Win32
		{02857CFB-CEEC-4B4B-A71E-1179ED7C5FE7}.Debug|x64.ActiveCfg = Debug|x64
		{02857CFB-CEEC-4B4B-A71E-1179ED7C5FE7}.Debug|x64.Build.0 = Debug|x64
		{02857CFB-CEEC-4B4B-A71E-1179ED7C5FE7}.Debug|x86.ActiveCfg = Debug|Win32
		{02857CFB-CEEC-4B4B-A71E-1179ED7C5FE7}.Debug|x86.Build.0 = Debug|Win32
		{02857CFB-CEEC-4B4B-A71E-1179ED7C5FE7}.Release|x64.ActiveCfg = Release|x64
		{02857CFB-CEEC-4B4B-A71E-1179ED7C5FE7}.Release|x64.Build.0 = Release|x64
		{02857CFB-CEEC-4B4B-A71E-1179ED7C5FE7}.Release|x86.ActiveCfg = Release|Win32
		{02857CFB-CEEC-4B4B-A71E-1179ED7C5FE7}.Release|x86.Build.0 = Release|Win32
		{F2004166-DA57-448C-95C2-283DB4D465BB}.Debug|x64.ActiveCfg = Debug|x64
		{F2004166-DA57-448C-95C2-283DB4D465BB}.Debug|x64.Build.0 = Debug|x64
		{F2004166-DA57-448C-95C2-283DB4D465BB}.Debug|x86.ActiveCfg = Debug|Win32
		{F2004166-DA57-448C-95C2-283DB4D465BB}.Debug|x86.Build.0 = Debug|Win32
		{F2004166-DA57-448C-95C2-283DB4D465BB}.Release|x64.ActiveCfg = Release|x64
		{F2004166-DA57-448C-95C2-283DB4D465BB}.Release|x64.Build.0 = Release|x64
		{F2004166-DA57-448C-95C2-283DB4D465BB}.Release|x86.ActiveCfg = Release|Win32
		{F2004166-DA57-448C-95C2-283DB4D465BB}.Release|x86.Build.0 = Release|Win32
		{98B4D008-4421-4037-904D-CCDDD7F8E7F7}.Debug|x64.ActiveCfg = Debug|x64
		{98B4D008-4421-4037-904D-CCDDD7F8E7F7}.Debug|x64.Build.0 = Debug|x64
		{98B4D008-4421-4037-904D-CCDDD7F8E7F7}.Debug|x86.ActiveCfg = Debug|Win32
		{98B4D008-4421-4037-904D-CCDDD7F8E7F7}.Debug|x86.Build.0 = Debug|Win32
		{98B4D008-4421-4037-904D-CCDDD7F8E7F7}.Release|x64.ActiveCfg = Release|x64
		{98B4D008-4421-4037-904D-CCDDD7F8E7F7}.Release|x64.Build.0 = Release|x64
		{98B4D008-4421-4037-904D-CCDDD7F8E7F7}.Release|x86.ActiveCfg = Release|Win32
		{98B4D008-4421-4037-904D-CCDDD7F8E7F7}.Release|x86.Build.0 = Release|Win32
		{601247D2-16B9-432B-B077-B2CEC3EB9B36}.Debug|x64.ActiveCfg = Debug|x64
		{601247D2-16B9-432B-B077-B2CEC3EB9B36}.Debug|x64.Build.0 = Debug|x64
		{601247D2-16B9-432B-B077-B2CEC3EB9B36}.Debug|x86.ActiveCfg = Debug|Win32
		{601247D2-16B9-432B-B077-B2CEC3EB9B36}.Debug|x86.Build.0 = Debug|Win32
		{601247D2-16B9-432B-B077-B2CEC3EB9B36}.Release|x64.ActiveCfg = Release|x64
		{601247D2-16B9-432B-B077-B2CEC3EB9B36}.Release|x64.Build.0 = Release|x64
		{601247D2-16B9-432B-B077-B2CEC3EB9B36}.Release|x86.ActiveCfg = Release|Win32
		{601247D2-16B9-432B-B077-B2CEC3EB9B36}.Release|x86.Build.0 = Release|Win32
		{E6EE7022-6F8F-4263-B4FB-5E5BF0213718}.Debug|x64.ActiveCfg = Debug|x64
		{E6EE7022-6F8F-4263-B4FB-5E5BF0213718}.Debug|x64.Build.0 = Debug|x64
		{E6EE7022-6F8F-4263-B4FB-5E5BF0213718}.Debug|x86.ActiveCfg = Debug|Win32
		{E6EE7022-6F8F-4263-B4FB-5E5BF0213718}.Debug|x86.Build.0 = Debug|Win32
		{E6EE7022-6F8F-4263-B4FB-5E5BF0213718}.Release|x64.ActiveCfg = Release|x64
		{E6EE7022-6F8F-4263-B4FB-5E5BF0213718}.Release|x64.Build.0 = Release|x64
		{E6EE7022-6F8F-4263-B4FB-5E5BF0213718}.Release|x86.ActiveCfg = Release|Win32
		{E6EE7022-6F8F-4263-B4FB-5E5BF0213718}.Release|x86.Build.0 = Release|Win32
		{251D7F0D-25C3-4904-A303-79667844735C}.Debug|x64.ActiveCfg = Debug|x64
		{251D7F0D-25C3-4904-A303-79667844735C}.Debug|x64.Build.0 = Debug|x64
		{251D7F0D-25C3-4904-A303-79667844735C}.Debug|x86.ActiveCfg = Debug|Win32
		{251D7F0D-25C3-4904-A303-79667844735C}.Debug|x86.Build.0 = Debug|Win32
		{251D7F0D-25C3-4904-A303-79667844735C}.Release|x64.ActiveCfg = Release|x64
		{251D7F0D-25C3-4904-A303-79667844735C}.Release|x64.Build.0 = Release|x64
		{251D7F0D-25C3-4904-A303-79667844735C}.Release|x86.ActiveCfg = Release|Win32
		{251D7F0D-25C3-4904-A303-79667844735C}.Release|x86.Build.0 = Release|Win32
		{770FEA83-B600-4C45-BA71-C1023B0E43CE}.Debug|x64.ActiveCfg = Debug|x64
		{770FEA83-B600-4C45-BA71-C1023B0E43CE}.Debug|x64.Build.0 = Debug|x64
		{770FEA83-B600-4C45-BA71-C1023B0E43CE}.Debug|x86.ActiveCfg = Debug|Win32
		{770FEA83-B600-4C45-BA71-C1023B0E43CE}.Debug|x86.Build.0 = Debug|Win32
		{770FEA83-B600-4C45-BA71-C1023B0E43CE}.Release|x64.ActiveCfg = Release|x64
		{770FEA83-B600-4C45-BA71-C1023B0E43CE}.Release|x64.Build.0 = Release|x64
		{770FEA83-B600-4C45-BA71-C1023B0E43CE}.Release|x86.ActiveCfg = Release|Win32
		{770FEA83-B600-4C45-BA71-C1023B0E43CE}.Release|x86.Build.0 = Release|Win32
		{9D1583BF-3B61-4DD2-A363-64F042680F9D}.Debug|x64.ActiveCfg = Debug|x64
		{9D1583BF-3B61-4DD2-A363-64F042680F9D}.Debug|x64.Build.0 = Debug|x64
		{9D1583BF-3B61-4DD2-A363-64F042680F9D}.Debug|x86.ActiveCfg = Debug|Win32
		{9D1583BF-3B61-4DD2-A363-64F042680F9D}.Debug|x86.Build.0 = Debug|Win32
		{9D1583BF-3B61-4DD2-A363-64F042680F9D}.Release|x64.ActiveCfg = Release|x64
		{9D1583BF-3B61-4DD2-A363-64F042680F9D}.Release|x64.Build.0 = Release|x64
		{9D1583BF-3B61-4DD2-A363-64F042680F9D}.Release|x86.ActiveCfg = Release|Win32
		{9D1583BF-3B61-4DD2-A363-64F042680F9D}.Release|x86.Build.0 = Release|Win32
	EndGlobalSection
	GlobalSection(SolutionProperties) = preSolution
		HideSolutionNode = FALSE
	EndGlobalSection
EndGlobal
