
Microsoft Visual Studio Solution File, Format Version 12.00
# Visual Studio 15
VisualStudioVersion = 15.0.26228.4
MinimumVisualStudioVersion = 10.0.40219.1
Project("{8BC9CEB8-8B4A-11D0-8D11-00A0C91BC942}") = "ex01 - hello world", "ex01 - hello world\ex01 - hello world.vcxproj", "{222C6AC2-E418-4F09-B368-9A1CD84FC0D9}"
EndProject
Project("{8BC9CEB8-8B4A-11D0-8D11-00A0C91BC942}") = "ex02 - variables", "ex02 - variables\ex02 - variables.vcxproj", "{E7A7AB6F-B417-4E1E-8C5F-644B9632E25C}"
EndProject
Project("{8BC9CEB8-8B4A-11D0-8D11-00A0C91BC942}") = "ex03 - if control structure", "ex03 - if control structure\ex03 - if control structure.vcxproj", "{EEAE2E84-1730-4CFC-9316-2DB523428984}"
EndProject
Project("{8BC9CEB8-8B4A-11D0-8D11-00A0C91BC942}") = "ex04 - switch control structure", "ex04 - switch control structure\ex04 - switch control structure.vcxproj", "{EC15B38D-0DCD-4B52-A382-3AA9A5DEA152}"
EndProject
Global
	GlobalSection(SolutionConfigurationPlatforms) = preSolution
		Debug|x64 = Debug|x64
		Debug|x86 = Debug|x86
		Release|x64 = Release|x64
		Release|x86 = Release|x86
	EndGlobalSection
	GlobalSection(ProjectConfigurationPlatforms) = postSolution
		{222C6AC2-E418-4F09-B368-9A1CD84FC0D9}.Debug|x64.ActiveCfg = Debug|x64
		{222C6AC2-E418-4F09-B368-9A1CD84FC0D9}.Debug|x64.Build.0 = Debug|x64
		{222C6AC2-E418-4F09-B368-9A1CD84FC0D9}.Debug|x86.ActiveCfg = Debug|Win32
		{222C6AC2-E418-4F09-B368-9A1CD84FC0D9}.Debug|x86.Build.0 = Debug|Win32
		{222C6AC2-E418-4F09-B368-9A1CD84FC0D9}.Release|x64.ActiveCfg = Release|x64
		{222C6AC2-E418-4F09-B368-9A1CD84FC0D9}.Release|x64.Build.0 = Release|x64
		{222C6AC2-E418-4F09-B368-9A1CD84FC0D9}.Release|x86.ActiveCfg = Release|Win32
		{222C6AC2-E418-4F09-B368-9A1CD84FC0D9}.Release|x86.Build.0 = Release|Win32
		{E7A7AB6F-B417-4E1E-8C5F-644B9632E25C}.Debug|x64.ActiveCfg = Debug|x64
		{E7A7AB6F-B417-4E1E-8C5F-644B9632E25C}.Debug|x64.Build.0 = Debug|x64
		{E7A7AB6F-B417-4E1E-8C5F-644B9632E25C}.Debug|x86.ActiveCfg = Debug|Win32
		{E7A7AB6F-B417-4E1E-8C5F-644B9632E25C}.Debug|x86.Build.0 = Debug|Win32
		{E7A7AB6F-B417-4E1E-8C5F-644B9632E25C}.Release|x64.ActiveCfg = Release|x64
		{E7A7AB6F-B417-4E1E-8C5F-644B9632E25C}.Release|x64.Build.0 = Release|x64
		{E7A7AB6F-B417-4E1E-8C5F-644B9632E25C}.Release|x86.ActiveCfg = Release|Win32
		{E7A7AB6F-B417-4E1E-8C5F-644B9632E25C}.Release|x86.Build.0 = Release|Win32
		{EEAE2E84-1730-4CFC-9316-2DB523428984}.Debug|x64.ActiveCfg = Debug|x64
		{EEAE2E84-1730-4CFC-9316-2DB523428984}.Debug|x64.Build.0 = Debug|x64
		{EEAE2E84-1730-4CFC-9316-2DB523428984}.Debug|x86.ActiveCfg = Debug|Win32
		{EEAE2E84-1730-4CFC-9316-2DB523428984}.Debug|x86.Build.0 = Debug|Win32
		{EEAE2E84-1730-4CFC-9316-2DB523428984}.Release|x64.ActiveCfg = Release|x64
		{EEAE2E84-1730-4CFC-9316-2DB523428984}.Release|x64.Build.0 = Release|x64
		{EEAE2E84-1730-4CFC-9316-2DB523428984}.Release|x86.ActiveCfg = Release|Win32
		{EEAE2E84-1730-4CFC-9316-2DB523428984}.Release|x86.Build.0 = Release|Win32
		{EC15B38D-0DCD-4B52-A382-3AA9A5DEA152}.Debug|x64.ActiveCfg = Debug|x64
		{EC15B38D-0DCD-4B52-A382-3AA9A5DEA152}.Debug|x64.Build.0 = Debug|x64
		{EC15B38D-0DCD-4B52-A382-3AA9A5DEA152}.Debug|x86.ActiveCfg = Debug|Win32
		{EC15B38D-0DCD-4B52-A382-3AA9A5DEA152}.Debug|x86.Build.0 = Debug|Win32
		{EC15B38D-0DCD-4B52-A382-3AA9A5DEA152}.Release|x64.ActiveCfg = Release|x64
		{EC15B38D-0DCD-4B52-A382-3AA9A5DEA152}.Release|x64.Build.0 = Release|x64
		{EC15B38D-0DCD-4B52-A382-3AA9A5DEA152}.Release|x86.ActiveCfg = Release|Win32
		{EC15B38D-0DCD-4B52-A382-3AA9A5DEA152}.Release|x86.Build.0 = Release|Win32
	EndGlobalSection
	GlobalSection(SolutionProperties) = preSolution
		HideSolutionNode = FALSE
	EndGlobalSection
EndGlobal
